// !$*UTF8*$!
{
	archiveVersion = 1;
	classes = {
	};
	objectVersion = 70;
	objects = {

/* Begin PBXBuildFile section */
		0001 /* GuitarSongbookApp.swift in Sources */ = {isa = PBXBuildFile; fileRef = 1001 /* GuitarSongbookApp.swift */; };
		0002 /* ContentView.swift in Sources */ = {isa = PBXBuildFile; fileRef = 1002 /* ContentView.swift */; };
		0003 /* Assets.xcassets in Resources */ = {isa = PBXBuildFile; fileRef = 1003 /* Assets.xcassets */; };
		0004 /* Song.swift in Sources */ = {isa = PBXBuildFile; fileRef = 1004 /* Song.swift */; };
		0005 /* ChordLibrary.swift in Sources */ = {isa = PBXBuildFile; fileRef = 1005 /* ChordLibrary.swift */; };
		0006 /* SpotifyModels.swift in Sources */ = {isa = PBXBuildFile; fileRef = 1006 /* SpotifyModels.swift */; };
		0007 /* SongStore.swift in Sources */ = {isa = PBXBuildFile; fileRef = 1007 /* SongStore.swift */; };
		0008 /* SpotifyService.swift in Sources */ = {isa = PBXBuildFile; fileRef = 1008 /* SpotifyService.swift */; };
		0009 /* SongListView.swift in Sources */ = {isa = PBXBuildFile; fileRef = 1009 /* SongListView.swift */; };
		0010 /* FilterControlsView.swift in Sources */ = {isa = PBXBuildFile; fileRef = 1010 /* FilterControlsView.swift */; };
		0011 /* QuickAddView.swift in Sources */ = {isa = PBXBuildFile; fileRef = 1011 /* QuickAddView.swift */; };
		0012 /* AddSongView.swift in Sources */ = {isa = PBXBuildFile; fileRef = 1012 /* AddSongView.swift */; };
		0013 /* SongDetailView.swift in Sources */ = {isa = PBXBuildFile; fileRef = 1013 /* SongDetailView.swift */; };
		0014 /* ChordDiagramView.swift in Sources */ = {isa = PBXBuildFile; fileRef = 1014 /* ChordDiagramView.swift */; };
		0015 /* CategoryManagerView.swift in Sources */ = {isa = PBXBuildFile; fileRef = 1015 /* CategoryManagerView.swift */; };
		0016 /* TunerView.swift in Sources */ = {isa = PBXBuildFile; fileRef = 1016 /* TunerView.swift */; };
		0017 /* AudioPitchDetector.swift in Sources */ = {isa = PBXBuildFile; fileRef = 1017 /* AudioPitchDetector.swift */; };
		0018 /* ResourceLinkDetector.swift in Sources */ = {isa = PBXBuildFile; fileRef = 1018 /* ResourceLinkDetector.swift */; };
		0019 /* MainTabView.swift in Sources */ = {isa = PBXBuildFile; fileRef = 1019 /* MainTabView.swift */; };
		0020 /* ChordLogView.swift in Sources */ = {isa = PBXBuildFile; fileRef = 1020 /* ChordLogView.swift */; };
		0021 /* BulkImportView.swift in Sources */ = {isa = PBXBuildFile; fileRef = 1021 /* BulkImportView.swift */; };
		0022 /* ChordIdentifierView.swift in Sources */ = {isa = PBXBuildFile; fileRef = 1022 /* ChordIdentifierView.swift */; };
		0023 /* ChordAudioPlayer.swift in Sources */ = {isa = PBXBuildFile; fileRef = 1023 /* ChordAudioPlayer.swift */; };
		0024 /* HapticManager.swift in Sources */ = {isa = PBXBuildFile; fileRef = 1024 /* HapticManager.swift */; };
		1107F1472EFC71210076A235 /* ChordDetailPageView.swift in Sources */ = {isa = PBXBuildFile; fileRef = 1107F1462EFC71210076A235 /* ChordDetailPageView.swift */; };
		1107F1492EFC75860076A235 /* CustomChordManagerView.swift in Sources */ = {isa = PBXBuildFile; fileRef = 1107F1482EFC75860076A235 /* CustomChordManagerView.swift */; };
		1107F14C2EFCBFDD0076A235 /* StrumPattern.swift in Sources */ = {isa = PBXBuildFile; fileRef = 1107F14B2EFCBFDD0076A235 /* StrumPattern.swift */; };
		1107F14D2EFCBFDD0076A235 /* CustomChordLibrary.swift in Sources */ = {isa = PBXBuildFile; fileRef = 1107F14A2EFCBFDD0076A235 /* CustomChordLibrary.swift */; };
		1107F14F2EFEFB420076A235 /* ChordSuggestionService.swift in Sources */ = {isa = PBXBuildFile; fileRef = 1107F14E2EFEFB420076A235 /* ChordSuggestionService.swift */; };
		1107F1512F00390C0076A235 /* CommunityDataService.swift in Sources */ = {isa = PBXBuildFile; fileRef = 1107F1502F00390C0076A235 /* CommunityDataService.swift */; };
		11A5CF2B2F0048ED00E1351A /* AnalyticsService.swift in Sources */ = {isa = PBXBuildFile; fileRef = 11A5CF2A2F0048ED00E1351A /* AnalyticsService.swift */; };
		11A5CF2D2F019BC400E1351A /* NotificationManager.swift in Sources */ = {isa = PBXBuildFile; fileRef = 11A5CF2C2F019BC400E1351A /* NotificationManager.swift */; };
		11A5CF302F01A84C00E1351A /* FirebaseAnalytics in Frameworks */ = {isa = PBXBuildFile; productRef = 11A5CF2F2F01A84C00E1351A /* FirebaseAnalytics */; };
		11A5CF322F01A84C00E1351A /* FirebaseCore in Frameworks */ = {isa = PBXBuildFile; productRef = 11A5CF312F01A84C00E1351A /* FirebaseCore */; };
		11A5CF342F01AA1E00E1351A /* GoogleService-Info.plist in Resources */ = {isa = PBXBuildFile; fileRef = 11A5CF332F01AA1E00E1351A /* GoogleService-Info.plist */; };
		11A5CF432F029AE300E1351A /* FretNotShareExtension.appex in Embed Foundation Extensions */ = {isa = PBXBuildFile; fileRef = 11A5CF392F029AE300E1351A /* FretNotShareExtension.appex */; settings = {ATTRIBUTES = (RemoveHeadersOnCopy, ); }; };
		11A5CF4F2F029ECC00E1351A /* ShareExtensionHandler.swift in Sources */ = {isa = PBXBuildFile; fileRef = 11A5CF4E2F029ECC00E1351A /* ShareExtensionHandler.swift */; };
		11E0CB572F033BBF000EE46D /* ChordChartParser.swift in Sources */ = {isa = PBXBuildFile; fileRef = 11E0CB552F033BBF000EE46D /* ChordChartParser.swift */; };
		11E0CB582F033BC9000EE46D /* ChordChartParser.swift in Sources */ = {isa = PBXBuildFile; fileRef = 11E0CB552F033BBF000EE46D /* ChordChartParser.swift */; };
		11E0CB5A2F09E413000EE46D /* OnboardingView.swift in Sources */ = {isa = PBXBuildFile; fileRef = 11E0CB592F09E413000EE46D /* OnboardingView.swift */; };
		11E0CB5C2F0AEEB4000EE46D /* ResourceLinkDetector.swift in Sources */ = {isa = PBXBuildFile; fileRef = 11E0CB5B2F0AEEB4000EE46D /* ResourceLinkDetector.swift */; };
		11E0CB5D2F0AEEB5000EE46D /* AddLinkSheet.swift in Sources */ = {isa = PBXBuildFile; fileRef = 11E0CB5E2F0AEEB5000EE46D /* AddLinkSheet.swift */; };
/* End PBXBuildFile section */

/* Begin PBXContainerItemProxy section */
		11A5CF412F029AE300E1351A /* PBXContainerItemProxy */ = {
			isa = PBXContainerItemProxy;
			containerPortal = 7001 /* Project object */;
			proxyType = 1;
			remoteGlobalIDString = 11A5CF382F029AE300E1351A;
			remoteInfo = FretNotShareExtension;
		};
/* End PBXContainerItemProxy section */

/* Begin PBXCopyFilesBuildPhase section */
		11A5CF482F029AE300E1351A /* Embed Foundation Extensions */ = {
			isa = PBXCopyFilesBuildPhase;
			buildActionMask = 2147483647;
			dstPath = "";
			dstSubfolderSpec = 13;
			files = (
				11A5CF432F029AE300E1351A /* FretNotShareExtension.appex in Embed Foundation Extensions */,
			);
			name = "Embed Foundation Extensions";
			runOnlyForDeploymentPostprocessing = 0;
		};
/* End PBXCopyFilesBuildPhase section */

/* Begin PBXFileReference section */
		1001 /* GuitarSongbookApp.swift */ = {isa = PBXFileReference; lastKnownFileType = sourcecode.swift; path = GuitarSongbookApp.swift; sourceTree = "<group>"; };
		1002 /* ContentView.swift */ = {isa = PBXFileReference; lastKnownFileType = sourcecode.swift; path = ContentView.swift; sourceTree = "<group>"; };
		1003 /* Assets.xcassets */ = {isa = PBXFileReference; lastKnownFileType = folder.assetcatalog; path = Assets.xcassets; sourceTree = "<group>"; };
		1004 /* Song.swift */ = {isa = PBXFileReference; lastKnownFileType = sourcecode.swift; path = Song.swift; sourceTree = "<group>"; };
		1005 /* ChordLibrary.swift */ = {isa = PBXFileReference; lastKnownFileType = sourcecode.swift; path = ChordLibrary.swift; sourceTree = "<group>"; };
		1006 /* SpotifyModels.swift */ = {isa = PBXFileReference; lastKnownFileType = sourcecode.swift; path = SpotifyModels.swift; sourceTree = "<group>"; };
		1007 /* SongStore.swift */ = {isa = PBXFileReference; lastKnownFileType = sourcecode.swift; path = SongStore.swift; sourceTree = "<group>"; };
		1008 /* SpotifyService.swift */ = {isa = PBXFileReference; lastKnownFileType = sourcecode.swift; path = SpotifyService.swift; sourceTree = "<group>"; };
		1009 /* SongListView.swift */ = {isa = PBXFileReference; lastKnownFileType = sourcecode.swift; path = SongListView.swift; sourceTree = "<group>"; };
		1010 /* FilterControlsView.swift */ = {isa = PBXFileReference; lastKnownFileType = sourcecode.swift; path = FilterControlsView.swift; sourceTree = "<group>"; };
		1011 /* QuickAddView.swift */ = {isa = PBXFileReference; lastKnownFileType = sourcecode.swift; path = QuickAddView.swift; sourceTree = "<group>"; };
		1012 /* AddSongView.swift */ = {isa = PBXFileReference; lastKnownFileType = sourcecode.swift; path = AddSongView.swift; sourceTree = "<group>"; };
		1013 /* SongDetailView.swift */ = {isa = PBXFileReference; lastKnownFileType = sourcecode.swift; path = SongDetailView.swift; sourceTree = "<group>"; };
		1014 /* ChordDiagramView.swift */ = {isa = PBXFileReference; lastKnownFileType = sourcecode.swift; path = ChordDiagramView.swift; sourceTree = "<group>"; };
		1015 /* CategoryManagerView.swift */ = {isa = PBXFileReference; lastKnownFileType = sourcecode.swift; path = CategoryManagerView.swift; sourceTree = "<group>"; };
		1016 /* TunerView.swift */ = {isa = PBXFileReference; lastKnownFileType = sourcecode.swift; path = TunerView.swift; sourceTree = "<group>"; };
		1017 /* AudioPitchDetector.swift */ = {isa = PBXFileReference; lastKnownFileType = sourcecode.swift; path = AudioPitchDetector.swift; sourceTree = "<group>"; };
		1018 /* ResourceLinkDetector.swift */ = {isa = PBXFileReference; lastKnownFileType = sourcecode.swift; path = ResourceLinkDetector.swift; sourceTree = "<group>"; };
		1019 /* MainTabView.swift */ = {isa = PBXFileReference; lastKnownFileType = sourcecode.swift; path = MainTabView.swift; sourceTree = "<group>"; };
		1020 /* ChordLogView.swift */ = {isa = PBXFileReference; lastKnownFileType = sourcecode.swift; path = ChordLogView.swift; sourceTree = "<group>"; };
		1021 /* BulkImportView.swift */ = {isa = PBXFileReference; lastKnownFileType = sourcecode.swift; path = BulkImportView.swift; sourceTree = "<group>"; };
		1022 /* ChordIdentifierView.swift */ = {isa = PBXFileReference; lastKnownFileType = sourcecode.swift; path = ChordIdentifierView.swift; sourceTree = "<group>"; };
		1023 /* ChordAudioPlayer.swift */ = {isa = PBXFileReference; lastKnownFileType = sourcecode.swift; path = ChordAudioPlayer.swift; sourceTree = "<group>"; };
		1024 /* HapticManager.swift */ = {isa = PBXFileReference; lastKnownFileType = sourcecode.swift; path = HapticManager.swift; sourceTree = "<group>"; };
		1107F1462EFC71210076A235 /* ChordDetailPageView.swift */ = {isa = PBXFileReference; lastKnownFileType = sourcecode.swift; path = ChordDetailPageView.swift; sourceTree = "<group>"; };
		1107F1482EFC75860076A235 /* CustomChordManagerView.swift */ = {isa = PBXFileReference; lastKnownFileType = sourcecode.swift; path = CustomChordManagerView.swift; sourceTree = "<group>"; };
		1107F14A2EFCBFDD0076A235 /* CustomChordLibrary.swift */ = {isa = PBXFileReference; lastKnownFileType = sourcecode.swift; path = CustomChordLibrary.swift; sourceTree = "<group>"; };
		1107F14B2EFCBFDD0076A235 /* StrumPattern.swift */ = {isa = PBXFileReference; lastKnownFileType = sourcecode.swift; path = StrumPattern.swift; sourceTree = "<group>"; };
		1107F14E2EFEFB420076A235 /* ChordSuggestionService.swift */ = {isa = PBXFileReference; lastKnownFileType = sourcecode.swift; path = ChordSuggestionService.swift; sourceTree = "<group>"; };
		1107F1502F00390C0076A235 /* CommunityDataService.swift */ = {isa = PBXFileReference; lastKnownFileType = sourcecode.swift; path = CommunityDataService.swift; sourceTree = "<group>"; };
		112D867A2EE38E2900F16C18 /* GuitarSongbook.entitlements */ = {isa = PBXFileReference; lastKnownFileType = text.plist.entitlements; path = GuitarSongbook.entitlements; sourceTree = "<group>"; };
		11A5CF2A2F0048ED00E1351A /* AnalyticsService.swift */ = {isa = PBXFileReference; lastKnownFileType = sourcecode.swift; path = AnalyticsService.swift; sourceTree = "<group>"; };
		11A5CF2C2F019BC400E1351A /* NotificationManager.swift */ = {isa = PBXFileReference; lastKnownFileType = sourcecode.swift; path = NotificationManager.swift; sourceTree = "<group>"; };
		11A5CF332F01AA1E00E1351A /* GoogleService-Info.plist */ = {isa = PBXFileReference; lastKnownFileType = text.plist.xml; path = "GoogleService-Info.plist"; sourceTree = "<group>"; };
		11A5CF392F029AE300E1351A /* FretNotShareExtension.appex */ = {isa = PBXFileReference; explicitFileType = "wrapper.app-extension"; includeInIndex = 0; path = FretNotShareExtension.appex; sourceTree = BUILT_PRODUCTS_DIR; };
		11A5CF4E2F029ECC00E1351A /* ShareExtensionHandler.swift */ = {isa = PBXFileReference; lastKnownFileType = sourcecode.swift; path = ShareExtensionHandler.swift; sourceTree = "<group>"; };
		11A5CF502F03289100E1351A /* Info.plist */ = {isa = PBXFileReference; lastKnownFileType = text.plist; path = Info.plist; sourceTree = "<group>"; };
		11E0CB552F033BBF000EE46D /* ChordChartParser.swift */ = {isa = PBXFileReference; lastKnownFileType = sourcecode.swift; path = ChordChartParser.swift; sourceTree = "<group>"; };
		11E0CB592F09E413000EE46D /* OnboardingView.swift */ = {isa = PBXFileReference; lastKnownFileType = sourcecode.swift; path = OnboardingView.swift; sourceTree = "<group>"; };
		11E0CB5B2F0AEEB4000EE46D /* ResourceLinkDetector.swift */ = {isa = PBXFileReference; lastKnownFileType = sourcecode.swift; path = ResourceLinkDetector.swift; sourceTree = "<group>"; };
		11E0CB5E2F0AEEB5000EE46D /* AddLinkSheet.swift */ = {isa = PBXFileReference; lastKnownFileType = sourcecode.swift; path = AddLinkSheet.swift; sourceTree = "<group>"; };
		2001 /* GuitarSongbook.app */ = {isa = PBXFileReference; explicitFileType = wrapper.application; includeInIndex = 0; path = GuitarSongbook.app; sourceTree = BUILT_PRODUCTS_DIR; };
/* End PBXFileReference section */

/* Begin PBXFileSystemSynchronizedBuildFileExceptionSet section */
		11A5CF442F029AE300E1351A /* PBXFileSystemSynchronizedBuildFileExceptionSet */ = {
			isa = PBXFileSystemSynchronizedBuildFileExceptionSet;
			membershipExceptions = (
				Info.plist,
			);
			target = 11A5CF382F029AE300E1351A /* FretNotShareExtension */;
		};
/* End PBXFileSystemSynchronizedBuildFileExceptionSet section */

/* Begin PBXFileSystemSynchronizedRootGroup section */
		11A5CF3A2F029AE300E1351A /* FretNotShareExtension */ = {isa = PBXFileSystemSynchronizedRootGroup; exceptions = (11A5CF442F029AE300E1351A /* PBXFileSystemSynchronizedBuildFileExceptionSet */, ); explicitFileTypes = {}; explicitFolders = (); path = FretNotShareExtension; sourceTree = "<group>"; };
/* End PBXFileSystemSynchronizedRootGroup section */

/* Begin PBXFrameworksBuildPhase section */
		11A5CF362F029AE300E1351A /* Frameworks */ = {
			isa = PBXFrameworksBuildPhase;
			buildActionMask = 2147483647;
			files = (
			);
			runOnlyForDeploymentPostprocessing = 0;
		};
		3001 /* Frameworks */ = {
			isa = PBXFrameworksBuildPhase;
			buildActionMask = 2147483647;
			files = (
				11A5CF322F01A84C00E1351A /* FirebaseCore in Frameworks */,
				11A5CF302F01A84C00E1351A /* FirebaseAnalytics in Frameworks */,
			);
			runOnlyForDeploymentPostprocessing = 0;
		};
/* End PBXFrameworksBuildPhase section */

/* Begin PBXGroup section */
		11E0CB562F033BBF000EE46D /* Shared */ = {
			isa = PBXGroup;
			children = (
				11E0CB552F033BBF000EE46D /* ChordChartParser.swift */,
			);
			path = Shared;
			sourceTree = "<group>";
		};
		4001 = {
			isa = PBXGroup;
			children = (
				11A5CF332F01AA1E00E1351A /* GoogleService-Info.plist */,
				4002 /* GuitarSongbook */,
				11A5CF3A2F029AE300E1351A /* FretNotShareExtension */,
				4003 /* Products */,
			);
			sourceTree = "<group>";
		};
		4002 /* GuitarSongbook */ = {
			isa = PBXGroup;
			children = (
				11E0CB562F033BBF000EE46D /* Shared */,
				11A5CF502F03289100E1351A /* Info.plist */,
				112D867A2EE38E2900F16C18 /* GuitarSongbook.entitlements */,
				1001 /* GuitarSongbookApp.swift */,
				4004 /* Models */,
				4005 /* Services */,
				4006 /* Views */,
				1003 /* Assets.xcassets */,
			);
			path = GuitarSongbook;
			sourceTree = "<group>";
		};
		4003 /* Products */ = {
			isa = PBXGroup;
			children = (
				2001 /* GuitarSongbook.app */,
				11A5CF392F029AE300E1351A /* FretNotShareExtension.appex */,
			);
			name = Products;
			sourceTree = "<group>";
		};
		4004 /* Models */ = {
			isa = PBXGroup;
			children = (
				1107F14A2EFCBFDD0076A235 /* CustomChordLibrary.swift */,
				1107F14B2EFCBFDD0076A235 /* StrumPattern.swift */,
				1004 /* Song.swift */,
				1005 /* ChordLibrary.swift */,
				1006 /* SpotifyModels.swift */,
			);
			path = Models;
			sourceTree = "<group>";
		};
		4005 /* Services */ = {
			isa = PBXGroup;
			children = (
				11E0CB5B2F0AEEB4000EE46D /* ResourceLinkDetector.swift */,
				11A5CF4E2F029ECC00E1351A /* ShareExtensionHandler.swift */,
				11A5CF2C2F019BC400E1351A /* NotificationManager.swift */,
				11A5CF2A2F0048ED00E1351A /* AnalyticsService.swift */,
				1107F1502F00390C0076A235 /* CommunityDataService.swift */,
				1107F14E2EFEFB420076A235 /* ChordSuggestionService.swift */,
				1007 /* SongStore.swift */,
				1008 /* SpotifyService.swift */,
				1024 /* HapticManager.swift */,
				1017 /* AudioPitchDetector.swift */,
				1023 /* ChordAudioPlayer.swift */,
				1018 /* ResourceLinkDetector.swift */,
			);
			path = Services;
			sourceTree = "<group>";
		};
		4006 /* Views */ = {
			isa = PBXGroup;
			children = (
				11E0CB592F09E413000EE46D /* OnboardingView.swift */,
				1107F1482EFC75860076A235 /* CustomChordManagerView.swift */,
				1107F1462EFC71210076A235 /* ChordDetailPageView.swift */,
				11E0CB5E2F0AEEB5000EE46D /* AddLinkSheet.swift */,
				1012 /* AddSongView.swift */,
				1021 /* BulkImportView.swift */,
				1015 /* CategoryManagerView.swift */,
				1014 /* ChordDiagramView.swift */,
				1022 /* ChordIdentifierView.swift */,
				1020 /* ChordLogView.swift */,
				1002 /* ContentView.swift */,
				1010 /* FilterControlsView.swift */,
				1019 /* MainTabView.swift */,
				1011 /* QuickAddView.swift */,
				1013 /* SongDetailView.swift */,
				1009 /* SongListView.swift */,
				1016 /* TunerView.swift */,
			);
			path = Views;
			sourceTree = "<group>";
		};
/* End PBXGroup section */

/* Begin PBXNativeTarget section */
		11A5CF382F029AE300E1351A /* FretNotShareExtension */ = {
			isa = PBXNativeTarget;
			buildConfigurationList = 11A5CF452F029AE300E1351A /* Build configuration list for PBXNativeTarget "FretNotShareExtension" */;
			buildPhases = (
				11A5CF352F029AE300E1351A /* Sources */,
				11A5CF362F029AE300E1351A /* Frameworks */,
				11A5CF372F029AE300E1351A /* Resources */,
			);
			buildRules = (
			);
			dependencies = (
			);
			fileSystemSynchronizedGroups = (
				11A5CF3A2F029AE300E1351A /* FretNotShareExtension */,
			);
			name = FretNotShareExtension;
			packageProductDependencies = (
			);
			productName = FretNotShareExtension;
			productReference = 11A5CF392F029AE300E1351A /* FretNotShareExtension.appex */;
			productType = "com.apple.product-type.app-extension";
		};
		5001 /* GuitarSongbook */ = {
			isa = PBXNativeTarget;
			buildConfigurationList = 6001 /* Build configuration list for PBXNativeTarget "GuitarSongbook" */;
			buildPhases = (
				5002 /* Sources */,
				3001 /* Frameworks */,
				5003 /* Resources */,
				11A5CF482F029AE300E1351A /* Embed Foundation Extensions */,
			);
			buildRules = (
			);
			dependencies = (
				11A5CF422F029AE300E1351A /* PBXTargetDependency */,
			);
			name = GuitarSongbook;
			productName = GuitarSongbook;
			productReference = 2001 /* GuitarSongbook.app */;
			productType = "com.apple.product-type.application";
		};
/* End PBXNativeTarget section */

/* Begin PBXProject section */
		7001 /* Project object */ = {
			isa = PBXProject;
			attributes = {
				BuildIndependentTargetsInParallel = 1;
				LastSwiftUpdateCheck = 2610;
				LastUpgradeCheck = 2610;
				TargetAttributes = {
					11A5CF382F029AE300E1351A = {
						CreatedOnToolsVersion = 26.1.1;
					};
					5001 = {
						CreatedOnToolsVersion = 15.0;
					};
				};
			};
			buildConfigurationList = 6002 /* Build configuration list for PBXProject "GuitarSongbook" */;
			compatibilityVersion = "Xcode 14.0";
			developmentRegion = en;
			hasScannedForEncodings = 0;
			knownRegions = (
				en,
				Base,
			);
			mainGroup = 4001;
			packageReferences = (
				11A5CF2E2F01A84C00E1351A /* XCRemoteSwiftPackageReference "firebase-ios-sdk" */,
			);
			productRefGroup = 4003 /* Products */;
			projectDirPath = "";
			projectRoot = "";
			targets = (
				5001 /* GuitarSongbook */,
				11A5CF382F029AE300E1351A /* FretNotShareExtension */,
			);
		};
/* End PBXProject section */

/* Begin PBXResourcesBuildPhase section */
		11A5CF372F029AE300E1351A /* Resources */ = {
			isa = PBXResourcesBuildPhase;
			buildActionMask = 2147483647;
			files = (
			);
			runOnlyForDeploymentPostprocessing = 0;
		};
		5003 /* Resources */ = {
			isa = PBXResourcesBuildPhase;
			buildActionMask = 2147483647;
			files = (
				0003 /* Assets.xcassets in Resources */,
				11A5CF342F01AA1E00E1351A /* GoogleService-Info.plist in Resources */,
			);
			runOnlyForDeploymentPostprocessing = 0;
		};
/* End PBXResourcesBuildPhase section */

/* Begin PBXSourcesBuildPhase section */
		11A5CF352F029AE300E1351A /* Sources */ = {
			isa = PBXSourcesBuildPhase;
			buildActionMask = 2147483647;
			files = (
				11E0CB582F033BC9000EE46D /* ChordChartParser.swift in Sources */,
			);
			runOnlyForDeploymentPostprocessing = 0;
		};
		5002 /* Sources */ = {
			isa = PBXSourcesBuildPhase;
			buildActionMask = 2147483647;
			files = (
				0001 /* GuitarSongbookApp.swift in Sources */,
				0002 /* ContentView.swift in Sources */,
				0004 /* Song.swift in Sources */,
				1107F1472EFC71210076A235 /* ChordDetailPageView.swift in Sources */,
				0005 /* ChordLibrary.swift in Sources */,
				11E0CB5C2F0AEEB4000EE46D /* ResourceLinkDetector.swift in Sources */,
				11A5CF4F2F029ECC00E1351A /* ShareExtensionHandler.swift in Sources */,
				0006 /* SpotifyModels.swift in Sources */,
				0007 /* SongStore.swift in Sources */,
				0008 /* SpotifyService.swift in Sources */,
				11E0CB572F033BBF000EE46D /* ChordChartParser.swift in Sources */,
				0009 /* SongListView.swift in Sources */,
				1107F1512F00390C0076A235 /* CommunityDataService.swift in Sources */,
				0010 /* FilterControlsView.swift in Sources */,
				0011 /* QuickAddView.swift in Sources */,
				0012 /* AddSongView.swift in Sources */,
				11E0CB5D2F0AEEB5000EE46D /* AddLinkSheet.swift in Sources */,
				11E0CB5A2F09E413000EE46D /* OnboardingView.swift in Sources */,
				1107F14F2EFEFB420076A235 /* ChordSuggestionService.swift in Sources */,
				0013 /* SongDetailView.swift in Sources */,
				0014 /* ChordDiagramView.swift in Sources */,
				0015 /* CategoryManagerView.swift in Sources */,
				1107F1492EFC75860076A235 /* CustomChordManagerView.swift in Sources */,
				0016 /* TunerView.swift in Sources */,
				0017 /* AudioPitchDetector.swift in Sources */,
				0018 /* ResourceLinkDetector.swift in Sources */,
				1107F14C2EFCBFDD0076A235 /* StrumPattern.swift in Sources */,
				11A5CF2D2F019BC400E1351A /* NotificationManager.swift in Sources */,
				1107F14D2EFCBFDD0076A235 /* CustomChordLibrary.swift in Sources */,
				0019 /* MainTabView.swift in Sources */,
				0020 /* ChordLogView.swift in Sources */,
				0021 /* BulkImportView.swift in Sources */,
				11A5CF2B2F0048ED00E1351A /* AnalyticsService.swift in Sources */,
				0024 /* HapticManager.swift in Sources */,
				0022 /* ChordIdentifierView.swift in Sources */,
				0023 /* ChordAudioPlayer.swift in Sources */,
			);
			runOnlyForDeploymentPostprocessing = 0;
		};
/* End PBXSourcesBuildPhase section */

/* Begin PBXTargetDependency section */
		11A5CF422F029AE300E1351A /* PBXTargetDependency */ = {
			isa = PBXTargetDependency;
			target = 11A5CF382F029AE300E1351A /* FretNotShareExtension */;
			targetProxy = 11A5CF412F029AE300E1351A /* PBXContainerItemProxy */;
		};
/* End PBXTargetDependency section */

/* Begin XCBuildConfiguration section */
		11A5CF462F029AE300E1351A /* Debug */ = {
			isa = XCBuildConfiguration;
			buildSettings = {
				CODE_SIGN_ENTITLEMENTS = FretNotShareExtension/FretNotShareExtension.entitlements;
				CODE_SIGN_IDENTITY = "Apple Development";
				CODE_SIGN_STYLE = Automatic;
				CURRENT_PROJECT_VERSION = 1;
				DEVELOPMENT_TEAM = US3KMK749L;
				GENERATE_INFOPLIST_FILE = YES;
				INFOPLIST_FILE = FretNotShareExtension/Info.plist;
				INFOPLIST_KEY_CFBundleDisplayName = FretNotShareExtension;
				INFOPLIST_KEY_NSHumanReadableCopyright = "";
				IPHONEOS_DEPLOYMENT_TARGET = 26.1;
				LD_RUNPATH_SEARCH_PATHS = (
					"$(inherited)",
					"@executable_path/Frameworks",
					"@executable_path/../../Frameworks",
				);
				MARKETING_VERSION = 1.0;
				PRODUCT_BUNDLE_IDENTIFIER = com.akaminsky.fretnot.FretNotShareExtension;
				PRODUCT_NAME = "$(TARGET_NAME)";
				SKIP_INSTALL = YES;
				STRING_CATALOG_GENERATE_SYMBOLS = YES;
				SWIFT_APPROACHABLE_CONCURRENCY = YES;
				SWIFT_EMIT_LOC_STRINGS = YES;
				SWIFT_UPCOMING_FEATURE_MEMBER_IMPORT_VISIBILITY = YES;
				SWIFT_VERSION = 5.0;
				TARGETED_DEVICE_FAMILY = "1,2";
			};
			name = Debug;
		};
		11A5CF472F029AE300E1351A /* Release */ = {
			isa = XCBuildConfiguration;
			buildSettings = {
				CODE_SIGN_ENTITLEMENTS = FretNotShareExtension/FretNotShareExtension.entitlements;
				CODE_SIGN_IDENTITY = "Apple Development";
				CODE_SIGN_STYLE = Automatic;
				CURRENT_PROJECT_VERSION = 1;
				DEVELOPMENT_TEAM = US3KMK749L;
				GENERATE_INFOPLIST_FILE = YES;
				INFOPLIST_FILE = FretNotShareExtension/Info.plist;
				INFOPLIST_KEY_CFBundleDisplayName = FretNotShareExtension;
				INFOPLIST_KEY_NSHumanReadableCopyright = "";
				IPHONEOS_DEPLOYMENT_TARGET = 26.1;
				LD_RUNPATH_SEARCH_PATHS = (
					"$(inherited)",
					"@executable_path/Frameworks",
					"@executable_path/../../Frameworks",
				);
				MARKETING_VERSION = 1.0;
				PRODUCT_BUNDLE_IDENTIFIER = com.akaminsky.fretnot.FretNotShareExtension;
				PRODUCT_NAME = "$(TARGET_NAME)";
				SKIP_INSTALL = YES;
				STRING_CATALOG_GENERATE_SYMBOLS = YES;
				SWIFT_APPROACHABLE_CONCURRENCY = YES;
				SWIFT_EMIT_LOC_STRINGS = YES;
				SWIFT_UPCOMING_FEATURE_MEMBER_IMPORT_VISIBILITY = YES;
				SWIFT_VERSION = 5.0;
				TARGETED_DEVICE_FAMILY = "1,2";
			};
			name = Release;
		};
		8001 /* Debug */ = {
			isa = XCBuildConfiguration;
			buildSettings = {
				ALWAYS_SEARCH_USER_PATHS = NO;
				ASSETCATALOG_COMPILER_GENERATE_SWIFT_ASSET_SYMBOL_EXTENSIONS = YES;
				CLANG_ANALYZER_NONNULL = YES;
				CLANG_ANALYZER_NUMBER_OBJECT_CONVERSION = YES_AGGRESSIVE;
				CLANG_CXX_LANGUAGE_STANDARD = "gnu++20";
				CLANG_ENABLE_MODULES = YES;
				CLANG_ENABLE_OBJC_ARC = YES;
				CLANG_ENABLE_OBJC_WEAK = YES;
				CLANG_WARN_BLOCK_CAPTURE_AUTORELEASING = YES;
				CLANG_WARN_BOOL_CONVERSION = YES;
				CLANG_WARN_COMMA = YES;
				CLANG_WARN_CONSTANT_CONVERSION = YES;
				CLANG_WARN_DEPRECATED_OBJC_IMPLEMENTATIONS = YES;
				CLANG_WARN_DIRECT_OBJC_ISA_USAGE = YES_ERROR;
				CLANG_WARN_DOCUMENTATION_COMMENTS = YES;
				CLANG_WARN_EMPTY_BODY = YES;
				CLANG_WARN_ENUM_CONVERSION = YES;
				CLANG_WARN_INFINITE_RECURSION = YES;
				CLANG_WARN_INT_CONVERSION = YES;
				CLANG_WARN_NON_LITERAL_NULL_CONVERSION = YES;
				CLANG_WARN_OBJC_IMPLICIT_RETAIN_SELF = YES;
				CLANG_WARN_OBJC_LITERAL_CONVERSION = YES;
				CLANG_WARN_OBJC_ROOT_CLASS = YES_ERROR;
				CLANG_WARN_QUOTED_INCLUDE_IN_FRAMEWORK_HEADER = YES;
				CLANG_WARN_RANGE_LOOP_ANALYSIS = YES;
				CLANG_WARN_STRICT_PROTOTYPES = YES;
				CLANG_WARN_SUSPICIOUS_MOVE = YES;
				CLANG_WARN_UNGUARDED_AVAILABILITY = YES_AGGRESSIVE;
				CLANG_WARN_UNREACHABLE_CODE = YES;
				CLANG_WARN__DUPLICATE_METHOD_MATCH = YES;
				COPY_PHASE_STRIP = NO;
				DEBUG_INFORMATION_FORMAT = dwarf;
				DEVELOPMENT_TEAM = US3KMK749L;
				ENABLE_STRICT_OBJC_MSGSEND = YES;
				ENABLE_TESTABILITY = YES;
				ENABLE_USER_SCRIPT_SANDBOXING = YES;
				GCC_C_LANGUAGE_STANDARD = gnu17;
				GCC_DYNAMIC_NO_PIC = NO;
				GCC_NO_COMMON_BLOCKS = YES;
				GCC_OPTIMIZATION_LEVEL = 0;
				GCC_PREPROCESSOR_DEFINITIONS = (
					"DEBUG=1",
					"$(inherited)",
				);
				GCC_WARN_64_TO_32_BIT_CONVERSION = YES;
				GCC_WARN_ABOUT_RETURN_TYPE = YES_ERROR;
				GCC_WARN_UNDECLARED_SELECTOR = YES;
				GCC_WARN_UNINITIALIZED_AUTOS = YES_AGGRESSIVE;
				GCC_WARN_UNUSED_FUNCTION = YES;
				GCC_WARN_UNUSED_VARIABLE = YES;
				IPHONEOS_DEPLOYMENT_TARGET = 17.0;
				LOCALIZATION_PREFERS_STRING_CATALOGS = YES;
				MTL_ENABLE_DEBUG_INFO = INCLUDE_SOURCE;
				MTL_FAST_MATH = YES;
				ONLY_ACTIVE_ARCH = YES;
				SDKROOT = iphoneos;
				STRING_CATALOG_GENERATE_SYMBOLS = YES;
				SWIFT_ACTIVE_COMPILATION_CONDITIONS = "DEBUG $(inherited)";
				SWIFT_OPTIMIZATION_LEVEL = "-Onone";
			};
			name = Debug;
		};
		8002 /* Release */ = {
			isa = XCBuildConfiguration;
			buildSettings = {
				ALWAYS_SEARCH_USER_PATHS = NO;
				ASSETCATALOG_COMPILER_GENERATE_SWIFT_ASSET_SYMBOL_EXTENSIONS = YES;
				CLANG_ANALYZER_NONNULL = YES;
				CLANG_ANALYZER_NUMBER_OBJECT_CONVERSION = YES_AGGRESSIVE;
				CLANG_CXX_LANGUAGE_STANDARD = "gnu++20";
				CLANG_ENABLE_MODULES = YES;
				CLANG_ENABLE_OBJC_ARC = YES;
				CLANG_ENABLE_OBJC_WEAK = YES;
				CLANG_WARN_BLOCK_CAPTURE_AUTORELEASING = YES;
				CLANG_WARN_BOOL_CONVERSION = YES;
				CLANG_WARN_COMMA = YES;
				CLANG_WARN_CONSTANT_CONVERSION = YES;
				CLANG_WARN_DEPRECATED_OBJC_IMPLEMENTATIONS = YES;
				CLANG_WARN_DIRECT_OBJC_ISA_USAGE = YES_ERROR;
				CLANG_WARN_DOCUMENTATION_COMMENTS = YES;
				CLANG_WARN_EMPTY_BODY = YES;
				CLANG_WARN_ENUM_CONVERSION = YES;
				CLANG_WARN_INFINITE_RECURSION = YES;
				CLANG_WARN_INT_CONVERSION = YES;
				CLANG_WARN_NON_LITERAL_NULL_CONVERSION = YES;
				CLANG_WARN_OBJC_IMPLICIT_RETAIN_SELF = YES;
				CLANG_WARN_OBJC_LITERAL_CONVERSION = YES;
				CLANG_WARN_OBJC_ROOT_CLASS = YES_ERROR;
				CLANG_WARN_QUOTED_INCLUDE_IN_FRAMEWORK_HEADER = YES;
				CLANG_WARN_RANGE_LOOP_ANALYSIS = YES;
				CLANG_WARN_STRICT_PROTOTYPES = YES;
				CLANG_WARN_SUSPICIOUS_MOVE = YES;
				CLANG_WARN_UNGUARDED_AVAILABILITY = YES_AGGRESSIVE;
				CLANG_WARN_UNREACHABLE_CODE = YES;
				CLANG_WARN__DUPLICATE_METHOD_MATCH = YES;
				COPY_PHASE_STRIP = NO;
				DEBUG_INFORMATION_FORMAT = "dwarf-with-dsym";
				DEVELOPMENT_TEAM = US3KMK749L;
				ENABLE_NS_ASSERTIONS = NO;
				ENABLE_STRICT_OBJC_MSGSEND = YES;
				ENABLE_USER_SCRIPT_SANDBOXING = YES;
				GCC_C_LANGUAGE_STANDARD = gnu17;
				GCC_NO_COMMON_BLOCKS = YES;
				GCC_WARN_64_TO_32_BIT_CONVERSION = YES;
				GCC_WARN_ABOUT_RETURN_TYPE = YES_ERROR;
				GCC_WARN_UNDECLARED_SELECTOR = YES;
				GCC_WARN_UNINITIALIZED_AUTOS = YES_AGGRESSIVE;
				GCC_WARN_UNUSED_FUNCTION = YES;
				GCC_WARN_UNUSED_VARIABLE = YES;
				IPHONEOS_DEPLOYMENT_TARGET = 17.0;
				LOCALIZATION_PREFERS_STRING_CATALOGS = YES;
				MTL_ENABLE_DEBUG_INFO = NO;
				MTL_FAST_MATH = YES;
				SDKROOT = iphoneos;
				STRING_CATALOG_GENERATE_SYMBOLS = YES;
				SWIFT_COMPILATION_MODE = wholemodule;
				VALIDATE_PRODUCT = YES;
			};
			name = Release;
		};
		8003 /* Debug */ = {
			isa = XCBuildConfiguration;
			buildSettings = {
				ASSETCATALOG_COMPILER_APPICON_NAME = AppIcon;
				ASSETCATALOG_COMPILER_GLOBAL_ACCENT_COLOR_NAME = AccentColor;
				CODE_SIGN_ENTITLEMENTS = GuitarSongbook/GuitarSongbook.entitlements;
				CODE_SIGN_IDENTITY = "Apple Development";
				CODE_SIGN_STYLE = Automatic;
				CURRENT_PROJECT_VERSION = 6;
				DEVELOPMENT_TEAM = US3KMK749L;
				ENABLE_PREVIEWS = YES;
				GENERATE_INFOPLIST_FILE = YES;
				INFOPLIST_FILE = GuitarSongbook/Info.plist;
				INFOPLIST_KEY_CFBundleDisplayName = "Fret Not";
				INFOPLIST_KEY_LSApplicationCategoryType = "public.app-category.music";
				INFOPLIST_KEY_NSMicrophoneUsageDescription = "Fret Not needs microphone access to detect the pitch of your guitar strings for tuning.";
				INFOPLIST_KEY_UIApplicationSceneManifest_Generation = YES;
				INFOPLIST_KEY_UIApplicationSupportsIndirectInputEvents = YES;
				INFOPLIST_KEY_UILaunchScreen_Generation = YES;
				INFOPLIST_KEY_UISupportedInterfaceOrientations_iPad = "UIInterfaceOrientationPortrait UIInterfaceOrientationPortraitUpsideDown UIInterfaceOrientationLandscapeLeft UIInterfaceOrientationLandscapeRight";
				INFOPLIST_KEY_UISupportedInterfaceOrientations_iPhone = "UIInterfaceOrientationPortrait UIInterfaceOrientationLandscapeLeft UIInterfaceOrientationLandscapeRight";
				LD_RUNPATH_SEARCH_PATHS = (
					"$(inherited)",
					"@executable_path/Frameworks",
				);
				MARKETING_VERSION = 1.4;
				PRODUCT_BUNDLE_IDENTIFIER = com.akaminsky.fretnot;
				PRODUCT_NAME = "$(TARGET_NAME)";
				PROVISIONING_PROFILE_SPECIFIER = "";
				SWIFT_EMIT_LOC_STRINGS = YES;
				SWIFT_VERSION = 5.0;
				TARGETED_DEVICE_FAMILY = "1,2";
			};
			name = Debug;
		};
		8004 /* Release */ = {
			isa = XCBuildConfiguration;
			buildSettings = {
				ASSETCATALOG_COMPILER_APPICON_NAME = AppIcon;
				ASSETCATALOG_COMPILER_GLOBAL_ACCENT_COLOR_NAME = AccentColor;
				CODE_SIGN_ENTITLEMENTS = GuitarSongbook/GuitarSongbook.entitlements;
				CODE_SIGN_IDENTITY = "Apple Development";
				CODE_SIGN_STYLE = Automatic;
				CURRENT_PROJECT_VERSION = 6;
				DEVELOPMENT_TEAM = US3KMK749L;
				ENABLE_PREVIEWS = YES;
				GENERATE_INFOPLIST_FILE = YES;
				INFOPLIST_FILE = GuitarSongbook/Info.plist;
				INFOPLIST_KEY_CFBundleDisplayName = "Fret Not";
				INFOPLIST_KEY_LSApplicationCategoryType = "public.app-category.music";
				INFOPLIST_KEY_NSMicrophoneUsageDescription = "Fret Not needs microphone access to detect the pitch of your guitar strings for tuning.";
				INFOPLIST_KEY_UIApplicationSceneManifest_Generation = YES;
				INFOPLIST_KEY_UIApplicationSupportsIndirectInputEvents = YES;
				INFOPLIST_KEY_UILaunchScreen_Generation = YES;
				INFOPLIST_KEY_UISupportedInterfaceOrientations_iPad = "UIInterfaceOrientationPortrait UIInterfaceOrientationPortraitUpsideDown UIInterfaceOrientationLandscapeLeft UIInterfaceOrientationLandscapeRight";
				INFOPLIST_KEY_UISupportedInterfaceOrientations_iPhone = "UIInterfaceOrientationPortrait UIInterfaceOrientationLandscapeLeft UIInterfaceOrientationLandscapeRight";
				LD_RUNPATH_SEARCH_PATHS = (
					"$(inherited)",
					"@executable_path/Frameworks",
				);
				MARKETING_VERSION = 1.4;
				PRODUCT_BUNDLE_IDENTIFIER = com.akaminsky.fretnot;
				PRODUCT_NAME = "$(TARGET_NAME)";
				PROVISIONING_PROFILE_SPECIFIER = "";
				SWIFT_EMIT_LOC_STRINGS = YES;
				SWIFT_VERSION = 5.0;
				TARGETED_DEVICE_FAMILY = "1,2";
			};
			name = Release;
		};
/* End XCBuildConfiguration section */

/* Begin XCConfigurationList section */
		11A5CF452F029AE300E1351A /* Build configuration list for PBXNativeTarget "FretNotShareExtension" */ = {
			isa = XCConfigurationList;
			buildConfigurations = (
				11A5CF462F029AE300E1351A /* Debug */,
				11A5CF472F029AE300E1351A /* Release */,
			);
			defaultConfigurationIsVisible = 0;
			defaultConfigurationName = Release;
		};
		6001 /* Build configuration list for PBXNativeTarget "GuitarSongbook" */ = {
			isa = XCConfigurationList;
			buildConfigurations = (
				8003 /* Debug */,
				8004 /* Release */,
			);
			defaultConfigurationIsVisible = 0;
			defaultConfigurationName = Release;
		};
		6002 /* Build configuration list for PBXProject "GuitarSongbook" */ = {
			isa = XCConfigurationList;
			buildConfigurations = (
				8001 /* Debug */,
				8002 /* Release */,
			);
			defaultConfigurationIsVisible = 0;
			defaultConfigurationName = Release;
		};
/* End XCConfigurationList section */

/* Begin XCRemoteSwiftPackageReference section */
		11A5CF2E2F01A84C00E1351A /* XCRemoteSwiftPackageReference "firebase-ios-sdk" */ = {
			isa = XCRemoteSwiftPackageReference;
			repositoryURL = "https://github.com/firebase/firebase-ios-sdk";
			requirement = {
				kind = upToNextMajorVersion;
				minimumVersion = 12.7.0;
			};
		};
/* End XCRemoteSwiftPackageReference section */

/* Begin XCSwiftPackageProductDependency section */
		11A5CF2F2F01A84C00E1351A /* FirebaseAnalytics */ = {
			isa = XCSwiftPackageProductDependency;
			package = 11A5CF2E2F01A84C00E1351A /* XCRemoteSwiftPackageReference "firebase-ios-sdk" */;
			productName = FirebaseAnalytics;
		};
		11A5CF312F01A84C00E1351A /* FirebaseCore */ = {
			isa = XCSwiftPackageProductDependency;
			package = 11A5CF2E2F01A84C00E1351A /* XCRemoteSwiftPackageReference "firebase-ios-sdk" */;
			productName = FirebaseCore;
		};
/* End XCSwiftPackageProductDependency section */
	};
	rootObject = 7001 /* Project object */;
}
