// !$*UTF8*$!
{
	archiveVersion = 1;
	classes = {
	};
	objectVersion = 56;
	objects = {

/* Begin PBXBuildFile section */
		0001 /* GuitarSongbookApp.swift in Sources */ = {isa = PBXBuildFile; fileRef = 1001 /* GuitarSongbookApp.swift */; };
		0002 /* ContentView.swift in Sources */ = {isa = PBXBuildFile; fileRef = 1002 /* ContentView.swift */; };
		0003 /* Assets.xcassets in Resources */ = {isa = PBXBuildFile; fileRef = 1003 /* Assets.xcassets */; };
		0004 /* Song.swift in Sources */ = {isa = PBXBuildFile; fileRef = 1004 /* Song.swift */; };
		0005 /* ChordLibrary.swift in Sources */ = {isa = PBXBuildFile; fileRef = 1005 /* ChordLibrary.swift */; };
		0006 /* SpotifyModels.swift in Sources */ = {isa = PBXBuildFile; fileRef = 1006 /* SpotifyModels.swift */; };
		0007 /* SongStore.swift in Sources */ = {isa = PBXBuildFile; fileRef = 1007 /* SongStore.swift */; };
		0008 /* SpotifyService.swift in Sources */ = {isa = PBXBuildFile; fileRef = 1008 /* SpotifyService.swift */; };
		0009 /* SongListView.swift in Sources */ = {isa = PBXBuildFile; fileRef = 1009 /* SongListView.swift */; };
		0010 /* FilterControlsView.swift in Sources */ = {isa = PBXBuildFile; fileRef = 1010 /* FilterControlsView.swift */; };
		0011 /* QuickAddView.swift in Sources */ = {isa = PBXBuildFile; fileRef = 1011 /* QuickAddView.swift */; };
		0012 /* AddSongView.swift in Sources */ = {isa = PBXBuildFile; fileRef = 1012 /* AddSongView.swift */; };
		0013 /* SongDetailView.swift in Sources */ = {isa = PBXBuildFile; fileRef = 1013 /* SongDetailView.swift */; };
		0014 /* ChordDiagramView.swift in Sources */ = {isa = PBXBuildFile; fileRef = 1014 /* ChordDiagramView.swift */; };
		0015 /* CategoryManagerView.swift in Sources */ = {isa = PBXBuildFile; fileRef = 1015 /* CategoryManagerView.swift */; };
		0016 /* TunerView.swift in Sources */ = {isa = PBXBuildFile; fileRef = 1016 /* TunerView.swift */; };
		0017 /* AudioPitchDetector.swift in Sources */ = {isa = PBXBuildFile; fileRef = 1017 /* AudioPitchDetector.swift */; };
		0018 /* TabURLDetector.swift in Sources */ = {isa = PBXBuildFile; fileRef = 1018 /* TabURLDetector.swift */; };
		0019 /* MainTabView.swift in Sources */ = {isa = PBXBuildFile; fileRef = 1019 /* MainTabView.swift */; };
		0020 /* ChordLogView.swift in Sources */ = {isa = PBXBuildFile; fileRef = 1020 /* ChordLogView.swift */; };
		0021 /* BulkImportView.swift in Sources */ = {isa = PBXBuildFile; fileRef = 1021 /* BulkImportView.swift */; };
		0022 /* ChordIdentifierView.swift in Sources */ = {isa = PBXBuildFile; fileRef = 1022 /* ChordIdentifierView.swift */; };
		0023 /* ChordAudioPlayer.swift in Sources */ = {isa = PBXBuildFile; fileRef = 1023 /* ChordAudioPlayer.swift */; };
		0024 /* HapticManager.swift in Sources */ = {isa = PBXBuildFile; fileRef = 1024 /* HapticManager.swift */; };
		1107F1472EFC71210076A235 /* ChordDetailPageView.swift in Sources */ = {isa = PBXBuildFile; fileRef = 1107F1462EFC71210076A235 /* ChordDetailPageView.swift */; };
		1107F1492EFC75860076A235 /* CustomChordManagerView.swift in Sources */ = {isa = PBXBuildFile; fileRef = 1107F1482EFC75860076A235 /* CustomChordManagerView.swift */; };
		1107F14C2EFCBFDD0076A235 /* StrumPattern.swift in Sources */ = {isa = PBXBuildFile; fileRef = 1107F14B2EFCBFDD0076A235 /* StrumPattern.swift */; };
		1107F14D2EFCBFDD0076A235 /* CustomChordLibrary.swift in Sources */ = {isa = PBXBuildFile; fileRef = 1107F14A2EFCBFDD0076A235 /* CustomChordLibrary.swift */; };
		1107F14F2EFEFB420076A235 /* ChordSuggestionService.swift in Sources */ = {isa = PBXBuildFile; fileRef = 1107F14E2EFEFB420076A235 /* ChordSuggestionService.swift */; };
		1107F1512F00390C0076A235 /* CommunityDataService.swift in Sources */ = {isa = PBXBuildFile; fileRef = 1107F1502F00390C0076A235 /* CommunityDataService.swift */; };
/* End PBXBuildFile section */

/* Begin PBXFileReference section */
		1001 /* GuitarSongbookApp.swift */ = {isa = PBXFileReference; lastKnownFileType = sourcecode.swift; path = GuitarSongbookApp.swift; sourceTree = "<group>"; };
		1002 /* ContentView.swift */ = {isa = PBXFileReference; lastKnownFileType = sourcecode.swift; path = ContentView.swift; sourceTree = "<group>"; };
		1003 /* Assets.xcassets */ = {isa = PBXFileReference; lastKnownFileType = folder.assetcatalog; path = Assets.xcassets; sourceTree = "<group>"; };
		1004 /* Song.swift */ = {isa = PBXFileReference; lastKnownFileType = sourcecode.swift; path = Song.swift; sourceTree = "<group>"; };
		1005 /* ChordLibrary.swift */ = {isa = PBXFileReference; lastKnownFileType = sourcecode.swift; path = ChordLibrary.swift; sourceTree = "<group>"; };
		1006 /* SpotifyModels.swift */ = {isa = PBXFileReference; lastKnownFileType = sourcecode.swift; path = SpotifyModels.swift; sourceTree = "<group>"; };
		1007 /* SongStore.swift */ = {isa = PBXFileReference; lastKnownFileType = sourcecode.swift; path = SongStore.swift; sourceTree = "<group>"; };
		1008 /* SpotifyService.swift */ = {isa = PBXFileReference; lastKnownFileType = sourcecode.swift; path = SpotifyService.swift; sourceTree = "<group>"; };
		1009 /* SongListView.swift */ = {isa = PBXFileReference; lastKnownFileType = sourcecode.swift; path = SongListView.swift; sourceTree = "<group>"; };
		1010 /* FilterControlsView.swift */ = {isa = PBXFileReference; lastKnownFileType = sourcecode.swift; path = FilterControlsView.swift; sourceTree = "<group>"; };
		1011 /* QuickAddView.swift */ = {isa = PBXFileReference; lastKnownFileType = sourcecode.swift; path = QuickAddView.swift; sourceTree = "<group>"; };
		1012 /* AddSongView.swift */ = {isa = PBXFileReference; lastKnownFileType = sourcecode.swift; path = AddSongView.swift; sourceTree = "<group>"; };
		1013 /* SongDetailView.swift */ = {isa = PBXFileReference; lastKnownFileType = sourcecode.swift; path = SongDetailView.swift; sourceTree = "<group>"; };
		1014 /* ChordDiagramView.swift */ = {isa = PBXFileReference; lastKnownFileType = sourcecode.swift; path = ChordDiagramView.swift; sourceTree = "<group>"; };
		1015 /* CategoryManagerView.swift */ = {isa = PBXFileReference; lastKnownFileType = sourcecode.swift; path = CategoryManagerView.swift; sourceTree = "<group>"; };
		1016 /* TunerView.swift */ = {isa = PBXFileReference; lastKnownFileType = sourcecode.swift; path = TunerView.swift; sourceTree = "<group>"; };
		1017 /* AudioPitchDetector.swift */ = {isa = PBXFileReference; lastKnownFileType = sourcecode.swift; path = AudioPitchDetector.swift; sourceTree = "<group>"; };
		1018 /* TabURLDetector.swift */ = {isa = PBXFileReference; lastKnownFileType = sourcecode.swift; path = TabURLDetector.swift; sourceTree = "<group>"; };
		1019 /* MainTabView.swift */ = {isa = PBXFileReference; lastKnownFileType = sourcecode.swift; path = MainTabView.swift; sourceTree = "<group>"; };
		1020 /* ChordLogView.swift */ = {isa = PBXFileReference; lastKnownFileType = sourcecode.swift; path = ChordLogView.swift; sourceTree = "<group>"; };
		1021 /* BulkImportView.swift */ = {isa = PBXFileReference; lastKnownFileType = sourcecode.swift; path = BulkImportView.swift; sourceTree = "<group>"; };
		1022 /* ChordIdentifierView.swift */ = {isa = PBXFileReference; lastKnownFileType = sourcecode.swift; path = ChordIdentifierView.swift; sourceTree = "<group>"; };
		1023 /* ChordAudioPlayer.swift */ = {isa = PBXFileReference; lastKnownFileType = sourcecode.swift; path = ChordAudioPlayer.swift; sourceTree = "<group>"; };
		1024 /* HapticManager.swift */ = {isa = PBXFileReference; lastKnownFileType = sourcecode.swift; path = HapticManager.swift; sourceTree = "<group>"; };
		1107F1462EFC71210076A235 /* ChordDetailPageView.swift */ = {isa = PBXFileReference; lastKnownFileType = sourcecode.swift; path = ChordDetailPageView.swift; sourceTree = "<group>"; };
		1107F1482EFC75860076A235 /* CustomChordManagerView.swift */ = {isa = PBXFileReference; lastKnownFileType = sourcecode.swift; path = CustomChordManagerView.swift; sourceTree = "<group>"; };
		1107F14A2EFCBFDD0076A235 /* CustomChordLibrary.swift */ = {isa = PBXFileReference; lastKnownFileType = sourcecode.swift; path = CustomChordLibrary.swift; sourceTree = "<group>"; };
		1107F14B2EFCBFDD0076A235 /* StrumPattern.swift */ = {isa = PBXFileReference; lastKnownFileType = sourcecode.swift; path = StrumPattern.swift; sourceTree = "<group>"; };
		1107F14E2EFEFB420076A235 /* ChordSuggestionService.swift */ = {isa = PBXFileReference; lastKnownFileType = sourcecode.swift; path = ChordSuggestionService.swift; sourceTree = "<group>"; };
		1107F1502F00390C0076A235 /* CommunityDataService.swift */ = {isa = PBXFileReference; lastKnownFileType = sourcecode.swift; path = CommunityDataService.swift; sourceTree = "<group>"; };
		112D867A2EE38E2900F16C18 /* GuitarSongbook.entitlements */ = {isa = PBXFileReference; lastKnownFileType = text.plist.entitlements; path = GuitarSongbook.entitlements; sourceTree = "<group>"; };
		2001 /* GuitarSongbook.app */ = {isa = PBXFileReference; explicitFileType = wrapper.application; includeInIndex = 0; path = GuitarSongbook.app; sourceTree = BUILT_PRODUCTS_DIR; };
/* End PBXFileReference section */

/* Begin PBXFrameworksBuildPhase section */
		3001 /* Frameworks */ = {
			isa = PBXFrameworksBuildPhase;
			buildActionMask = 2147483647;
			files = (
			);
			runOnlyForDeploymentPostprocessing = 0;
		};
/* End PBXFrameworksBuildPhase section */

/* Begin PBXGroup section */
		4001 = {
			isa = PBXGroup;
			children = (
				4002 /* GuitarSongbook */,
				4003 /* Products */,
			);
			sourceTree = "<group>";
		};
		4002 /* GuitarSongbook */ = {
			isa = PBXGroup;
			children = (
				112D867A2EE38E2900F16C18 /* GuitarSongbook.entitlements */,
				1001 /* GuitarSongbookApp.swift */,
				4004 /* Models */,
				4005 /* Services */,
				4006 /* Views */,
				1003 /* Assets.xcassets */,
			);
			path = GuitarSongbook;
			sourceTree = "<group>";
		};
		4003 /* Products */ = {
			isa = PBXGroup;
			children = (
				2001 /* GuitarSongbook.app */,
			);
			name = Products;
			sourceTree = "<group>";
		};
		4004 /* Models */ = {
			isa = PBXGroup;
			children = (
				1107F14A2EFCBFDD0076A235 /* CustomChordLibrary.swift */,
				1107F14B2EFCBFDD0076A235 /* StrumPattern.swift */,
				1004 /* Song.swift */,
				1005 /* ChordLibrary.swift */,
				1006 /* SpotifyModels.swift */,
			);
			path = Models;
			sourceTree = "<group>";
		};
		4005 /* Services */ = {
			isa = PBXGroup;
			children = (
				1107F1502F00390C0076A235 /* CommunityDataService.swift */,
				1107F14E2EFEFB420076A235 /* ChordSuggestionService.swift */,
				1007 /* SongStore.swift */,
				1008 /* SpotifyService.swift */,
				1024 /* HapticManager.swift */,
				1017 /* AudioPitchDetector.swift */,
				1023 /* ChordAudioPlayer.swift */,
				1018 /* TabURLDetector.swift */,
			);
			path = Services;
			sourceTree = "<group>";
		};
		4006 /* Views */ = {
			isa = PBXGroup;
			children = (
				1107F1482EFC75860076A235 /* CustomChordManagerView.swift */,
				1107F1462EFC71210076A235 /* ChordDetailPageView.swift */,
				1012 /* AddSongView.swift */,
				1021 /* BulkImportView.swift */,
				1015 /* CategoryManagerView.swift */,
				1014 /* ChordDiagramView.swift */,
				1022 /* ChordIdentifierView.swift */,
				1020 /* ChordLogView.swift */,
				1002 /* ContentView.swift */,
				1010 /* FilterControlsView.swift */,
				1019 /* MainTabView.swift */,
				1011 /* QuickAddView.swift */,
				1013 /* SongDetailView.swift */,
				1009 /* SongListView.swift */,
				1016 /* TunerView.swift */,
			);
			path = Views;
			sourceTree = "<group>";
		};
/* End PBXGroup section */

/* Begin PBXNativeTarget section */
		5001 /* GuitarSongbook */ = {
			isa = PBXNativeTarget;
			buildConfigurationList = 6001 /* Build configuration list for PBXNativeTarget "GuitarSongbook" */;
			buildPhases = (
				5002 /* Sources */,
				3001 /* Frameworks */,
				5003 /* Resources */,
			);
			buildRules = (
			);
			dependencies = (
			);
			name = GuitarSongbook;
			productName = GuitarSongbook;
			productReference = 2001 /* GuitarSongbook.app */;
			productType = "com.apple.product-type.application";
		};
/* End PBXNativeTarget section */

/* Begin PBXProject section */
		7001 /* Project object */ = {
			isa = PBXProject;
			attributes = {
				BuildIndependentTargetsInParallel = 1;
				LastSwiftUpdateCheck = 1500;
				LastUpgradeCheck = 2610;
				TargetAttributes = {
					5001 = {
						CreatedOnToolsVersion = 15.0;
					};
				};
			};
			buildConfigurationList = 6002 /* Build configuration list for PBXProject "GuitarSongbook" */;
			compatibilityVersion = "Xcode 14.0";
			developmentRegion = en;
			hasScannedForEncodings = 0;
			knownRegions = (
				en,
				Base,
			);
			mainGroup = 4001;
			productRefGroup = 4003 /* Products */;
			projectDirPath = "";
			projectRoot = "";
			targets = (
				5001 /* GuitarSongbook */,
			);
		};
/* End PBXProject section */

/* Begin PBXResourcesBuildPhase section */
		5003 /* Resources */ = {
			isa = PBXResourcesBuildPhase;
			buildActionMask = 2147483647;
			files = (
				0003 /* Assets.xcassets in Resources */,
			);
			runOnlyForDeploymentPostprocessing = 0;
		};
/* End PBXResourcesBuildPhase section */

/* Begin PBXSourcesBuildPhase section */
		5002 /* Sources */ = {
			isa = PBXSourcesBuildPhase;
			buildActionMask = 2147483647;
			files = (
				0001 /* GuitarSongbookApp.swift in Sources */,
				0002 /* ContentView.swift in Sources */,
				0004 /* Song.swift in Sources */,
				1107F1472EFC71210076A235 /* ChordDetailPageView.swift in Sources */,
				0005 /* ChordLibrary.swift in Sources */,
				0006 /* SpotifyModels.swift in Sources */,
				0007 /* SongStore.swift in Sources */,
				0008 /* SpotifyService.swift in Sources */,
				0009 /* SongListView.swift in Sources */,
				1107F1512F00390C0076A235 /* CommunityDataService.swift in Sources */,
				0010 /* FilterControlsView.swift in Sources */,
				0011 /* QuickAddView.swift in Sources */,
				0012 /* AddSongView.swift in Sources */,
				1107F14F2EFEFB420076A235 /* ChordSuggestionService.swift in Sources */,
				0013 /* SongDetailView.swift in Sources */,
				0014 /* ChordDiagramView.swift in Sources */,
				0015 /* CategoryManagerView.swift in Sources */,
				1107F1492EFC75860076A235 /* CustomChordManagerView.swift in Sources */,
				0016 /* TunerView.swift in Sources */,
				0017 /* AudioPitchDetector.swift in Sources */,
				0018 /* TabURLDetector.swift in Sources */,
				1107F14C2EFCBFDD0076A235 /* StrumPattern.swift in Sources */,
				1107F14D2EFCBFDD0076A235 /* CustomChordLibrary.swift in Sources */,
				0019 /* MainTabView.swift in Sources */,
				0020 /* ChordLogView.swift in Sources */,
				0021 /* BulkImportView.swift in Sources */,
				0024 /* HapticManager.swift in Sources */,
				0022 /* ChordIdentifierView.swift in Sources */,
				0023 /* ChordAudioPlayer.swift in Sources */,
			);
			runOnlyForDeploymentPostprocessing = 0;
		};
/* End PBXSourcesBuildPhase section */

/* Begin XCBuildConfiguration section */
		8001 /* Debug */ = {
			isa = XCBuildConfiguration;
			buildSettings = {
				ALWAYS_SEARCH_USER_PATHS = NO;
				ASSETCATALOG_COMPILER_GENERATE_SWIFT_ASSET_SYMBOL_EXTENSIONS = YES;
				CLANG_ANALYZER_NONNULL = YES;
				CLANG_ANALYZER_NUMBER_OBJECT_CONVERSION = YES_AGGRESSIVE;
				CLANG_CXX_LANGUAGE_STANDARD = "gnu++20";
				CLANG_ENABLE_MODULES = YES;
				CLANG_ENABLE_OBJC_ARC = YES;
				CLANG_ENABLE_OBJC_WEAK = YES;
				CLANG_WARN_BLOCK_CAPTURE_AUTORELEASING = YES;
				CLANG_WARN_BOOL_CONVERSION = YES;
				CLANG_WARN_COMMA = YES;
				CLANG_WARN_CONSTANT_CONVERSION = YES;
				CLANG_WARN_DEPRECATED_OBJC_IMPLEMENTATIONS = YES;
				CLANG_WARN_DIRECT_OBJC_ISA_USAGE = YES_ERROR;
				CLANG_WARN_DOCUMENTATION_COMMENTS = YES;
				CLANG_WARN_EMPTY_BODY = YES;
				CLANG_WARN_ENUM_CONVERSION = YES;
				CLANG_WARN_INFINITE_RECURSION = YES;
				CLANG_WARN_INT_CONVERSION = YES;
				CLANG_WARN_NON_LITERAL_NULL_CONVERSION = YES;
				CLANG_WARN_OBJC_IMPLICIT_RETAIN_SELF = YES;
				CLANG_WARN_OBJC_LITERAL_CONVERSION = YES;
				CLANG_WARN_OBJC_ROOT_CLASS = YES_ERROR;
				CLANG_WARN_QUOTED_INCLUDE_IN_FRAMEWORK_HEADER = YES;
				CLANG_WARN_RANGE_LOOP_ANALYSIS = YES;
				CLANG_WARN_STRICT_PROTOTYPES = YES;
				CLANG_WARN_SUSPICIOUS_MOVE = YES;
				CLANG_WARN_UNGUARDED_AVAILABILITY = YES_AGGRESSIVE;
				CLANG_WARN_UNREACHABLE_CODE = YES;
				CLANG_WARN__DUPLICATE_METHOD_MATCH = YES;
				COPY_PHASE_STRIP = NO;
				DEBUG_INFORMATION_FORMAT = dwarf;
				DEVELOPMENT_TEAM = US3KMK749L;
				ENABLE_STRICT_OBJC_MSGSEND = YES;
				ENABLE_TESTABILITY = YES;
				ENABLE_USER_SCRIPT_SANDBOXING = YES;
				GCC_C_LANGUAGE_STANDARD = gnu17;
				GCC_DYNAMIC_NO_PIC = NO;
				GCC_NO_COMMON_BLOCKS = YES;
				GCC_OPTIMIZATION_LEVEL = 0;
				GCC_PREPROCESSOR_DEFINITIONS = (
					"DEBUG=1",
					"$(inherited)",
				);
				GCC_WARN_64_TO_32_BIT_CONVERSION = YES;
				GCC_WARN_ABOUT_RETURN_TYPE = YES_ERROR;
				GCC_WARN_UNDECLARED_SELECTOR = YES;
				GCC_WARN_UNINITIALIZED_AUTOS = YES_AGGRESSIVE;
				GCC_WARN_UNUSED_FUNCTION = YES;
				GCC_WARN_UNUSED_VARIABLE = YES;
				IPHONEOS_DEPLOYMENT_TARGET = 17.0;
				LOCALIZATION_PREFERS_STRING_CATALOGS = YES;
				MTL_ENABLE_DEBUG_INFO = INCLUDE_SOURCE;
				MTL_FAST_MATH = YES;
				ONLY_ACTIVE_ARCH = YES;
				SDKROOT = iphoneos;
				STRING_CATALOG_GENERATE_SYMBOLS = YES;
				SWIFT_ACTIVE_COMPILATION_CONDITIONS = "DEBUG $(inherited)";
				SWIFT_OPTIMIZATION_LEVEL = "-Onone";
			};
			name = Debug;
		};
		8002 /* Release */ = {
			isa = XCBuildConfiguration;
			buildSettings = {
				ALWAYS_SEARCH_USER_PATHS = NO;
				ASSETCATALOG_COMPILER_GENERATE_SWIFT_ASSET_SYMBOL_EXTENSIONS = YES;
				CLANG_ANALYZER_NONNULL = YES;
				CLANG_ANALYZER_NUMBER_OBJECT_CONVERSION = YES_AGGRESSIVE;
				CLANG_CXX_LANGUAGE_STANDARD = "gnu++20";
				CLANG_ENABLE_MODULES = YES;
				CLANG_ENABLE_OBJC_ARC = YES;
				CLANG_ENABLE_OBJC_WEAK = YES;
				CLANG_WARN_BLOCK_CAPTURE_AUTORELEASING = YES;
				CLANG_WARN_BOOL_CONVERSION = YES;
				CLANG_WARN_COMMA = YES;
				CLANG_WARN_CONSTANT_CONVERSION = YES;
				CLANG_WARN_DEPRECATED_OBJC_IMPLEMENTATIONS = YES;
				CLANG_WARN_DIRECT_OBJC_ISA_USAGE = YES_ERROR;
				CLANG_WARN_DOCUMENTATION_COMMENTS = YES;
				CLANG_WARN_EMPTY_BODY = YES;
				CLANG_WARN_ENUM_CONVERSION = YES;
				CLANG_WARN_INFINITE_RECURSION = YES;
				CLANG_WARN_INT_CONVERSION = YES;
				CLANG_WARN_NON_LITERAL_NULL_CONVERSION = YES;
				CLANG_WARN_OBJC_IMPLICIT_RETAIN_SELF = YES;
				CLANG_WARN_OBJC_LITERAL_CONVERSION = YES;
				CLANG_WARN_OBJC_ROOT_CLASS = YES_ERROR;
				CLANG_WARN_QUOTED_INCLUDE_IN_FRAMEWORK_HEADER = YES;
				CLANG_WARN_RANGE_LOOP_ANALYSIS = YES;
				CLANG_WARN_STRICT_PROTOTYPES = YES;
				CLANG_WARN_SUSPICIOUS_MOVE = YES;
				CLANG_WARN_UNGUARDED_AVAILABILITY = YES_AGGRESSIVE;
				CLANG_WARN_UNREACHABLE_CODE = YES;
				CLANG_WARN__DUPLICATE_METHOD_MATCH = YES;
				COPY_PHASE_STRIP = NO;
				DEBUG_INFORMATION_FORMAT = "dwarf-with-dsym";
				DEVELOPMENT_TEAM = US3KMK749L;
				ENABLE_NS_ASSERTIONS = NO;
				ENABLE_STRICT_OBJC_MSGSEND = YES;
				ENABLE_USER_SCRIPT_SANDBOXING = YES;
				GCC_C_LANGUAGE_STANDARD = gnu17;
				GCC_NO_COMMON_BLOCKS = YES;
				GCC_WARN_64_TO_32_BIT_CONVERSION = YES;
				GCC_WARN_ABOUT_RETURN_TYPE = YES_ERROR;
				GCC_WARN_UNDECLARED_SELECTOR = YES;
				GCC_WARN_UNINITIALIZED_AUTOS = YES_AGGRESSIVE;
				GCC_WARN_UNUSED_FUNCTION = YES;
				GCC_WARN_UNUSED_VARIABLE = YES;
				IPHONEOS_DEPLOYMENT_TARGET = 17.0;
				LOCALIZATION_PREFERS_STRING_CATALOGS = YES;
				MTL_ENABLE_DEBUG_INFO = NO;
				MTL_FAST_MATH = YES;
				SDKROOT = iphoneos;
				STRING_CATALOG_GENERATE_SYMBOLS = YES;
				SWIFT_COMPILATION_MODE = wholemodule;
				VALIDATE_PRODUCT = YES;
			};
			name = Release;
		};
		8003 /* Debug */ = {
			isa = XCBuildConfiguration;
			buildSettings = {
				ASSETCATALOG_COMPILER_APPICON_NAME = AppIcon;
				ASSETCATALOG_COMPILER_GLOBAL_ACCENT_COLOR_NAME = AccentColor;
				CODE_SIGN_ENTITLEMENTS = GuitarSongbook/GuitarSongbook.entitlements;
				CODE_SIGN_IDENTITY = "Apple Development";
				CODE_SIGN_STYLE = Automatic;
				CURRENT_PROJECT_VERSION = 4;
				DEVELOPMENT_TEAM = US3KMK749L;
				ENABLE_PREVIEWS = YES;
				GENERATE_INFOPLIST_FILE = YES;
				INFOPLIST_KEY_CFBundleDisplayName = "Fret Not";
				INFOPLIST_KEY_LSApplicationCategoryType = "public.app-category.music";
				INFOPLIST_KEY_NSMicrophoneUsageDescription = "Fret Not needs microphone access to detect the pitch of your guitar strings for tuning.";
				INFOPLIST_KEY_UIApplicationSceneManifest_Generation = YES;
				INFOPLIST_KEY_UIApplicationSupportsIndirectInputEvents = YES;
				INFOPLIST_KEY_UILaunchScreen_Generation = YES;
				INFOPLIST_KEY_UISupportedInterfaceOrientations_iPad = "UIInterfaceOrientationPortrait UIInterfaceOrientationPortraitUpsideDown UIInterfaceOrientationLandscapeLeft UIInterfaceOrientationLandscapeRight";
				INFOPLIST_KEY_UISupportedInterfaceOrientations_iPhone = "UIInterfaceOrientationPortrait UIInterfaceOrientationLandscapeLeft UIInterfaceOrientationLandscapeRight";
				LD_RUNPATH_SEARCH_PATHS = (
					"$(inherited)",
					"@executable_path/Frameworks",
				);
				MARKETING_VERSION = 1.3.0;
				PRODUCT_BUNDLE_IDENTIFIER = com.akaminsky.fretnot;
				PRODUCT_NAME = "$(TARGET_NAME)";
				PROVISIONING_PROFILE_SPECIFIER = "";
				SWIFT_EMIT_LOC_STRINGS = YES;
				SWIFT_VERSION = 5.0;
				TARGETED_DEVICE_FAMILY = "1,2";
			};
			name = Debug;
		};
		8004 /* Release */ = {
			isa = XCBuildConfiguration;
			buildSettings = {
				ASSETCATALOG_COMPILER_APPICON_NAME = AppIcon;
				ASSETCATALOG_COMPILER_GLOBAL_ACCENT_COLOR_NAME = AccentColor;
				CODE_SIGN_ENTITLEMENTS = GuitarSongbook/GuitarSongbook.entitlements;
				CODE_SIGN_IDENTITY = "Apple Development";
				CODE_SIGN_STYLE = Automatic;
				CURRENT_PROJECT_VERSION = 4;
				DEVELOPMENT_TEAM = US3KMK749L;
				ENABLE_PREVIEWS = YES;
				GENERATE_INFOPLIST_FILE = YES;
				INFOPLIST_KEY_CFBundleDisplayName = "Fret Not";
				INFOPLIST_KEY_LSApplicationCategoryType = "public.app-category.music";
				INFOPLIST_KEY_NSMicrophoneUsageDescription = "Fret Not needs microphone access to detect the pitch of your guitar strings for tuning.";
				INFOPLIST_KEY_UIApplicationSceneManifest_Generation = YES;
				INFOPLIST_KEY_UIApplicationSupportsIndirectInputEvents = YES;
				INFOPLIST_KEY_UILaunchScreen_Generation = YES;
				INFOPLIST_KEY_UISupportedInterfaceOrientations_iPad = "UIInterfaceOrientationPortrait UIInterfaceOrientationPortraitUpsideDown UIInterfaceOrientationLandscapeLeft UIInterfaceOrientationLandscapeRight";
				INFOPLIST_KEY_UISupportedInterfaceOrientations_iPhone = "UIInterfaceOrientationPortrait UIInterfaceOrientationLandscapeLeft UIInterfaceOrientationLandscapeRight";
				LD_RUNPATH_SEARCH_PATHS = (
					"$(inherited)",
					"@executable_path/Frameworks",
				);
				MARKETING_VERSION = 1.3.0;
				PRODUCT_BUNDLE_IDENTIFIER = com.akaminsky.fretnot;
				PRODUCT_NAME = "$(TARGET_NAME)";
				PROVISIONING_PROFILE_SPECIFIER = "";
				SWIFT_EMIT_LOC_STRINGS = YES;
				SWIFT_VERSION = 5.0;
				TARGETED_DEVICE_FAMILY = "1,2";
			};
			name = Release;
		};
/* End XCBuildConfiguration section */

/* Begin XCConfigurationList section */
		6001 /* Build configuration list for PBXNativeTarget "GuitarSongbook" */ = {
			isa = XCConfigurationList;
			buildConfigurations = (
				8003 /* Debug */,
				8004 /* Release */,
			);
			defaultConfigurationIsVisible = 0;
			defaultConfigurationName = Release;
		};
		6002 /* Build configuration list for PBXProject "GuitarSongbook" */ = {
			isa = XCConfigurationList;
			buildConfigurations = (
				8001 /* Debug */,
				8002 /* Release */,
			);
			defaultConfigurationIsVisible = 0;
			defaultConfigurationName = Release;
		};
/* End XCConfigurationList section */
	};
	rootObject = 7001 /* Project object */;
}
